// !$*UTF8*$!
{
	archiveVersion = 1;
	classes = {
	};
	objectVersion = 51;
	objects = {

/* Begin PBXBuildFile section */
		171C02AC26B36D9F00E88E48 /* MoreInfoViewModel.swift in Sources */ = {isa = PBXBuildFile; fileRef = 171C02AB26B36D9F00E88E48 /* MoreInfoViewModel.swift */; };
		171C02B126B36E1400E88E48 /* MoreInfoView.swift in Sources */ = {isa = PBXBuildFile; fileRef = 171C02B026B36E1400E88E48 /* MoreInfoView.swift */; };
		1753C3FE26B0E87600524DD2 /* AppDelegate.swift in Sources */ = {isa = PBXBuildFile; fileRef = 1753C3FD26B0E87600524DD2 /* AppDelegate.swift */; };
		1753C40026B0E87600524DD2 /* SceneDelegate.swift in Sources */ = {isa = PBXBuildFile; fileRef = 1753C3FF26B0E87600524DD2 /* SceneDelegate.swift */; };
		1753C40226B0E87600524DD2 /* ViewController.swift in Sources */ = {isa = PBXBuildFile; fileRef = 1753C40126B0E87600524DD2 /* ViewController.swift */; };
		1753C40526B0E87600524DD2 /* Main.storyboard in Resources */ = {isa = PBXBuildFile; fileRef = 1753C40326B0E87600524DD2 /* Main.storyboard */; };
		1753C40726B0E87700524DD2 /* Assets.xcassets in Resources */ = {isa = PBXBuildFile; fileRef = 1753C40626B0E87700524DD2 /* Assets.xcassets */; };
		1753C40A26B0E87700524DD2 /* LaunchScreen.storyboard in Resources */ = {isa = PBXBuildFile; fileRef = 1753C40826B0E87700524DD2 /* LaunchScreen.storyboard */; };
		1753C41526B0E87800524DD2 /* DevicesWorldTests.swift in Sources */ = {isa = PBXBuildFile; fileRef = 1753C41426B0E87800524DD2 /* DevicesWorldTests.swift */; };
		1753C42026B0E87800524DD2 /* DevicesWorldUITests.swift in Sources */ = {isa = PBXBuildFile; fileRef = 1753C41F26B0E87800524DD2 /* DevicesWorldUITests.swift */; };
		1753C43126B0EBC100524DD2 /* GoogleService-Info.plist in Resources */ = {isa = PBXBuildFile; fileRef = 1753C43026B0EBC100524DD2 /* GoogleService-Info.plist */; };
		1753C4C826B0FBEC00524DD2 /* Device.swift in Sources */ = {isa = PBXBuildFile; fileRef = 1753C4C726B0FBEC00524DD2 /* Device.swift */; };
		1753C4D526B0FC6A00524DD2 /* Utils.swift in Sources */ = {isa = PBXBuildFile; fileRef = 1753C4D426B0FC6A00524DD2 /* Utils.swift */; };
		1753C4DB26B0FD9000524DD2 /* DeviceTableViewCell.swift in Sources */ = {isa = PBXBuildFile; fileRef = 1753C4DA26B0FD9000524DD2 /* DeviceTableViewCell.swift */; };
		1753C4E426B0FE6E00524DD2 /* DeviceViewController.swift in Sources */ = {isa = PBXBuildFile; fileRef = 1753C4E326B0FE6E00524DD2 /* DeviceViewController.swift */; };
		1753C4EA26B0FF3300524DD2 /* DeviceViewModel.swift in Sources */ = {isa = PBXBuildFile; fileRef = 1753C4E926B0FF3300524DD2 /* DeviceViewModel.swift */; };
		1753C50A26B2546300524DD2 /* Endpoint.swift in Sources */ = {isa = PBXBuildFile; fileRef = 1753C50926B2546300524DD2 /* Endpoint.swift */; };
		1753C51226B254BE00524DD2 /* Networker.swift in Sources */ = {isa = PBXBuildFile; fileRef = 1753C51126B254BE00524DD2 /* Networker.swift */; };
		1753C51726B2599300524DD2 /* DevicesService.swift in Sources */ = {isa = PBXBuildFile; fileRef = 1753C51626B2599300524DD2 /* DevicesService.swift */; };
		1753C52226B25EFC00524DD2 /* DevicesViewModel.swift in Sources */ = {isa = PBXBuildFile; fileRef = 1753C52126B25EFC00524DD2 /* DevicesViewModel.swift */; };
		1753C52726B261DD00524DD2 /* DeviceView.swift in Sources */ = {isa = PBXBuildFile; fileRef = 1753C52626B261DD00524DD2 /* DeviceView.swift */; };
		1753C52C26B2683A00524DD2 /* DeviceDetailViewModel.swift in Sources */ = {isa = PBXBuildFile; fileRef = 1753C52B26B2683A00524DD2 /* DeviceDetailViewModel.swift */; };
		1753C53126B2693000524DD2 /* DeviceDetailView.swift in Sources */ = {isa = PBXBuildFile; fileRef = 1753C53026B2693000524DD2 /* DeviceDetailView.swift */; };
		235C7A7CBA9369488ED3D0C0 /* Pods_DevicesWorld.framework in Frameworks */ = {isa = PBXBuildFile; fileRef = 8134C5BA02C88DBDB47FD55B /* Pods_DevicesWorld.framework */; };
		7670888A49558CCBE61B740C /* Pods_DevicesWorldTests.framework in Frameworks */ = {isa = PBXBuildFile; fileRef = 3DA0EDB05854ADE34E67B063 /* Pods_DevicesWorldTests.framework */; };
		FD6DDE6E949DE732C4F6262D /* Pods_DevicesWorld_DevicesWorldUITests.framework in Frameworks */ = {isa = PBXBuildFile; fileRef = 95DA593798A0398C13D2ADE2 /* Pods_DevicesWorld_DevicesWorldUITests.framework */; };
/* End PBXBuildFile section */

/* Begin PBXContainerItemProxy section */
		1753C41126B0E87800524DD2 /* PBXContainerItemProxy */ = {
			isa = PBXContainerItemProxy;
			containerPortal = 1753C3F226B0E87600524DD2 /* Project object */;
			proxyType = 1;
			remoteGlobalIDString = 1753C3F926B0E87600524DD2;
			remoteInfo = DevicesWorld;
		};
		1753C41C26B0E87800524DD2 /* PBXContainerItemProxy */ = {
			isa = PBXContainerItemProxy;
			containerPortal = 1753C3F226B0E87600524DD2 /* Project object */;
			proxyType = 1;
			remoteGlobalIDString = 1753C3F926B0E87600524DD2;
			remoteInfo = DevicesWorld;
		};
/* End PBXContainerItemProxy section */

/* Begin PBXFileReference section */
		0001F13E8D037763CCA39B7E /* Pods-DevicesWorld.debug.xcconfig */ = {isa = PBXFileReference; includeInIndex = 1; lastKnownFileType = text.xcconfig; name = "Pods-DevicesWorld.debug.xcconfig"; path = "Target Support Files/Pods-DevicesWorld/Pods-DevicesWorld.debug.xcconfig"; sourceTree = "<group>"; };
		151427DC48D8B660E50D3B1B /* Pods-DevicesWorld.release.xcconfig */ = {isa = PBXFileReference; includeInIndex = 1; lastKnownFileType = text.xcconfig; name = "Pods-DevicesWorld.release.xcconfig"; path = "Target Support Files/Pods-DevicesWorld/Pods-DevicesWorld.release.xcconfig"; sourceTree = "<group>"; };
		171C02AB26B36D9F00E88E48 /* MoreInfoViewModel.swift */ = {isa = PBXFileReference; lastKnownFileType = sourcecode.swift; path = MoreInfoViewModel.swift; sourceTree = "<group>"; };
		171C02B026B36E1400E88E48 /* MoreInfoView.swift */ = {isa = PBXFileReference; lastKnownFileType = sourcecode.swift; path = MoreInfoView.swift; sourceTree = "<group>"; };
		1753C3FA26B0E87600524DD2 /* DevicesWorld.app */ = {isa = PBXFileReference; explicitFileType = wrapper.application; includeInIndex = 0; path = DevicesWorld.app; sourceTree = BUILT_PRODUCTS_DIR; };
		1753C3FD26B0E87600524DD2 /* AppDelegate.swift */ = {isa = PBXFileReference; lastKnownFileType = sourcecode.swift; path = AppDelegate.swift; sourceTree = "<group>"; };
		1753C3FF26B0E87600524DD2 /* SceneDelegate.swift */ = {isa = PBXFileReference; lastKnownFileType = sourcecode.swift; path = SceneDelegate.swift; sourceTree = "<group>"; };
		1753C40126B0E87600524DD2 /* ViewController.swift */ = {isa = PBXFileReference; lastKnownFileType = sourcecode.swift; path = ViewController.swift; sourceTree = "<group>"; };
		1753C40426B0E87600524DD2 /* Base */ = {isa = PBXFileReference; lastKnownFileType = file.storyboard; name = Base; path = Base.lproj/Main.storyboard; sourceTree = "<group>"; };
		1753C40626B0E87700524DD2 /* Assets.xcassets */ = {isa = PBXFileReference; lastKnownFileType = folder.assetcatalog; path = Assets.xcassets; sourceTree = "<group>"; };
		1753C40926B0E87700524DD2 /* Base */ = {isa = PBXFileReference; lastKnownFileType = file.storyboard; name = Base; path = Base.lproj/LaunchScreen.storyboard; sourceTree = "<group>"; };
		1753C40B26B0E87700524DD2 /* Info.plist */ = {isa = PBXFileReference; lastKnownFileType = text.plist.xml; path = Info.plist; sourceTree = "<group>"; };
		1753C41026B0E87800524DD2 /* DevicesWorldTests.xctest */ = {isa = PBXFileReference; explicitFileType = wrapper.cfbundle; includeInIndex = 0; path = DevicesWorldTests.xctest; sourceTree = BUILT_PRODUCTS_DIR; };
		1753C41426B0E87800524DD2 /* DevicesWorldTests.swift */ = {isa = PBXFileReference; lastKnownFileType = sourcecode.swift; path = DevicesWorldTests.swift; sourceTree = "<group>"; };
		1753C41626B0E87800524DD2 /* Info.plist */ = {isa = PBXFileReference; lastKnownFileType = text.plist.xml; path = Info.plist; sourceTree = "<group>"; };
		1753C41B26B0E87800524DD2 /* DevicesWorldUITests.xctest */ = {isa = PBXFileReference; explicitFileType = wrapper.cfbundle; includeInIndex = 0; path = DevicesWorldUITests.xctest; sourceTree = BUILT_PRODUCTS_DIR; };
		1753C41F26B0E87800524DD2 /* DevicesWorldUITests.swift */ = {isa = PBXFileReference; lastKnownFileType = sourcecode.swift; path = DevicesWorldUITests.swift; sourceTree = "<group>"; };
		1753C42126B0E87800524DD2 /* Info.plist */ = {isa = PBXFileReference; lastKnownFileType = text.plist.xml; path = Info.plist; sourceTree = "<group>"; };
		1753C43026B0EBC100524DD2 /* GoogleService-Info.plist */ = {isa = PBXFileReference; fileEncoding = 4; lastKnownFileType = text.plist.xml; path = "GoogleService-Info.plist"; sourceTree = "<group>"; };
		1753C4C726B0FBEC00524DD2 /* Device.swift */ = {isa = PBXFileReference; lastKnownFileType = sourcecode.swift; path = Device.swift; sourceTree = "<group>"; };
		1753C4D426B0FC6A00524DD2 /* Utils.swift */ = {isa = PBXFileReference; lastKnownFileType = sourcecode.swift; path = Utils.swift; sourceTree = "<group>"; };
		1753C4DA26B0FD9000524DD2 /* DeviceTableViewCell.swift */ = {isa = PBXFileReference; lastKnownFileType = sourcecode.swift; path = DeviceTableViewCell.swift; sourceTree = "<group>"; };
		1753C4E326B0FE6E00524DD2 /* DeviceViewController.swift */ = {isa = PBXFileReference; lastKnownFileType = sourcecode.swift; path = DeviceViewController.swift; sourceTree = "<group>"; };
		1753C4E926B0FF3300524DD2 /* DeviceViewModel.swift */ = {isa = PBXFileReference; lastKnownFileType = sourcecode.swift; path = DeviceViewModel.swift; sourceTree = "<group>"; };
		1753C50926B2546300524DD2 /* Endpoint.swift */ = {isa = PBXFileReference; lastKnownFileType = sourcecode.swift; path = Endpoint.swift; sourceTree = "<group>"; };
		1753C51126B254BE00524DD2 /* Networker.swift */ = {isa = PBXFileReference; lastKnownFileType = sourcecode.swift; path = Networker.swift; sourceTree = "<group>"; };
		1753C51626B2599300524DD2 /* DevicesService.swift */ = {isa = PBXFileReference; lastKnownFileType = sourcecode.swift; path = DevicesService.swift; sourceTree = "<group>"; };
		1753C52126B25EFC00524DD2 /* DevicesViewModel.swift */ = {isa = PBXFileReference; lastKnownFileType = sourcecode.swift; path = DevicesViewModel.swift; sourceTree = "<group>"; };
		1753C52626B261DD00524DD2 /* DeviceView.swift */ = {isa = PBXFileReference; lastKnownFileType = sourcecode.swift; path = DeviceView.swift; sourceTree = "<group>"; };
		1753C52B26B2683A00524DD2 /* DeviceDetailViewModel.swift */ = {isa = PBXFileReference; lastKnownFileType = sourcecode.swift; path = DeviceDetailViewModel.swift; sourceTree = "<group>"; };
		1753C53026B2693000524DD2 /* DeviceDetailView.swift */ = {isa = PBXFileReference; lastKnownFileType = sourcecode.swift; path = DeviceDetailView.swift; sourceTree = "<group>"; };
		32D0DBBF9A0F4FD1B164B893 /* Pods-DevicesWorld-DevicesWorldUITests.release.xcconfig */ = {isa = PBXFileReference; includeInIndex = 1; lastKnownFileType = text.xcconfig; name = "Pods-DevicesWorld-DevicesWorldUITests.release.xcconfig"; path = "Target Support Files/Pods-DevicesWorld-DevicesWorldUITests/Pods-DevicesWorld-DevicesWorldUITests.release.xcconfig"; sourceTree = "<group>"; };
		3DA0EDB05854ADE34E67B063 /* Pods_DevicesWorldTests.framework */ = {isa = PBXFileReference; explicitFileType = wrapper.framework; includeInIndex = 0; path = Pods_DevicesWorldTests.framework; sourceTree = BUILT_PRODUCTS_DIR; };
		61E2F13FA04BE0CA54E122EC /* Pods-DevicesWorld-DevicesWorldUITests.debug.xcconfig */ = {isa = PBXFileReference; includeInIndex = 1; lastKnownFileType = text.xcconfig; name = "Pods-DevicesWorld-DevicesWorldUITests.debug.xcconfig"; path = "Target Support Files/Pods-DevicesWorld-DevicesWorldUITests/Pods-DevicesWorld-DevicesWorldUITests.debug.xcconfig"; sourceTree = "<group>"; };
		8134C5BA02C88DBDB47FD55B /* Pods_DevicesWorld.framework */ = {isa = PBXFileReference; explicitFileType = wrapper.framework; includeInIndex = 0; path = Pods_DevicesWorld.framework; sourceTree = BUILT_PRODUCTS_DIR; };
		95DA593798A0398C13D2ADE2 /* Pods_DevicesWorld_DevicesWorldUITests.framework */ = {isa = PBXFileReference; explicitFileType = wrapper.framework; includeInIndex = 0; path = Pods_DevicesWorld_DevicesWorldUITests.framework; sourceTree = BUILT_PRODUCTS_DIR; };
		CB831B5DE097AE0D81F87BC8 /* Pods-DevicesWorldTests.release.xcconfig */ = {isa = PBXFileReference; includeInIndex = 1; lastKnownFileType = text.xcconfig; name = "Pods-DevicesWorldTests.release.xcconfig"; path = "Target Support Files/Pods-DevicesWorldTests/Pods-DevicesWorldTests.release.xcconfig"; sourceTree = "<group>"; };
		DD333D28AB6228DB1B14C756 /* Pods-DevicesWorldTests.debug.xcconfig */ = {isa = PBXFileReference; includeInIndex = 1; lastKnownFileType = text.xcconfig; name = "Pods-DevicesWorldTests.debug.xcconfig"; path = "Target Support Files/Pods-DevicesWorldTests/Pods-DevicesWorldTests.debug.xcconfig"; sourceTree = "<group>"; };
/* End PBXFileReference section */

/* Begin PBXFrameworksBuildPhase section */
		1753C3F726B0E87600524DD2 /* Frameworks */ = {
			isa = PBXFrameworksBuildPhase;
			buildActionMask = 2147483647;
			files = (
				235C7A7CBA9369488ED3D0C0 /* Pods_DevicesWorld.framework in Frameworks */,
			);
			runOnlyForDeploymentPostprocessing = 0;
		};
		1753C40D26B0E87800524DD2 /* Frameworks */ = {
			isa = PBXFrameworksBuildPhase;
			buildActionMask = 2147483647;
			files = (
				7670888A49558CCBE61B740C /* Pods_DevicesWorldTests.framework in Frameworks */,
			);
			runOnlyForDeploymentPostprocessing = 0;
		};
		1753C41826B0E87800524DD2 /* Frameworks */ = {
			isa = PBXFrameworksBuildPhase;
			buildActionMask = 2147483647;
			files = (
				FD6DDE6E949DE732C4F6262D /* Pods_DevicesWorld_DevicesWorldUITests.framework in Frameworks */,
			);
			runOnlyForDeploymentPostprocessing = 0;
		};
/* End PBXFrameworksBuildPhase section */

/* Begin PBXGroup section */
		1753C3F126B0E87600524DD2 = {
			isa = PBXGroup;
			children = (
				1753C3FC26B0E87600524DD2 /* DevicesWorld */,
				1753C41326B0E87800524DD2 /* DevicesWorldTests */,
				1753C41E26B0E87800524DD2 /* DevicesWorldUITests */,
				1753C3FB26B0E87600524DD2 /* Products */,
				FF66CBE650152A62028A84C2 /* Pods */,
				E859EEAFBED1B48143990083 /* Frameworks */,
			);
			sourceTree = "<group>";
		};
		1753C3FB26B0E87600524DD2 /* Products */ = {
			isa = PBXGroup;
			children = (
				1753C3FA26B0E87600524DD2 /* DevicesWorld.app */,
				1753C41026B0E87800524DD2 /* DevicesWorldTests.xctest */,
				1753C41B26B0E87800524DD2 /* DevicesWorldUITests.xctest */,
			);
			name = Products;
			sourceTree = "<group>";
		};
		1753C3FC26B0E87600524DD2 /* DevicesWorld */ = {
			isa = PBXGroup;
			children = (
				1753C4FB26B2519100524DD2 /* MVVM+Combine */,
				1753C4FA26B2517A00524DD2 /* MVVM+RxSwift */,
				1753C4CF26B0FC2E00524DD2 /* Utils */,
				1753C4C026B0FBCD00524DD2 /* Device */,
				1753C43026B0EBC100524DD2 /* GoogleService-Info.plist */,
				1753C3FD26B0E87600524DD2 /* AppDelegate.swift */,
				1753C3FF26B0E87600524DD2 /* SceneDelegate.swift */,
				1753C40126B0E87600524DD2 /* ViewController.swift */,
				1753C40326B0E87600524DD2 /* Main.storyboard */,
				1753C40626B0E87700524DD2 /* Assets.xcassets */,
				1753C40826B0E87700524DD2 /* LaunchScreen.storyboard */,
				1753C40B26B0E87700524DD2 /* Info.plist */,
			);
			path = DevicesWorld;
			sourceTree = "<group>";
		};
		1753C41326B0E87800524DD2 /* DevicesWorldTests */ = {
			isa = PBXGroup;
			children = (
				1753C41426B0E87800524DD2 /* DevicesWorldTests.swift */,
				1753C41626B0E87800524DD2 /* Info.plist */,
			);
			path = DevicesWorldTests;
			sourceTree = "<group>";
		};
		1753C41E26B0E87800524DD2 /* DevicesWorldUITests */ = {
			isa = PBXGroup;
			children = (
				1753C41F26B0E87800524DD2 /* DevicesWorldUITests.swift */,
				1753C42126B0E87800524DD2 /* Info.plist */,
			);
			path = DevicesWorldUITests;
			sourceTree = "<group>";
		};
		1753C4C026B0FBCD00524DD2 /* Device */ = {
			isa = PBXGroup;
			children = (
				1753C4C726B0FBEC00524DD2 /* Device.swift */,
			);
			path = Device;
			sourceTree = "<group>";
		};
		1753C4CF26B0FC2E00524DD2 /* Utils */ = {
			isa = PBXGroup;
			children = (
				1753C4D426B0FC6A00524DD2 /* Utils.swift */,
			);
			path = Utils;
			sourceTree = "<group>";
		};
		1753C4D926B0FD7B00524DD2 /* Cells */ = {
			isa = PBXGroup;
			children = (
				1753C4DA26B0FD9000524DD2 /* DeviceTableViewCell.swift */,
			);
			name = Cells;
			path = ..;
			sourceTree = "<group>";
		};
		1753C4E226B0FE5100524DD2 /* Controllers */ = {
			isa = PBXGroup;
			children = (
				1753C4E326B0FE6E00524DD2 /* DeviceViewController.swift */,
			);
			path = Controllers;
			sourceTree = "<group>";
		};
		1753C4E826B0FF0D00524DD2 /* ViewModel */ = {
			isa = PBXGroup;
			children = (
				1753C4E926B0FF3300524DD2 /* DeviceViewModel.swift */,
			);
			path = ViewModel;
			sourceTree = "<group>";
		};
		1753C4FA26B2517A00524DD2 /* MVVM+RxSwift */ = {
			isa = PBXGroup;
			children = (
				1753C4E826B0FF0D00524DD2 /* ViewModel */,
				1753C4E226B0FE5100524DD2 /* Controllers */,
				1753C4D926B0FD7B00524DD2 /* Cells */,
			);
			path = "MVVM+RxSwift";
			sourceTree = "<group>";
		};
		1753C4FB26B2519100524DD2 /* MVVM+Combine */ = {
			isa = PBXGroup;
			children = (
				1753C50126B2526100524DD2 /* Core */,
				1753C50026B2524D00524DD2 /* Business Logic */,
				1753C4FF26B2523C00524DD2 /* Presentation */,
			);
			path = "MVVM+Combine";
			sourceTree = "<group>";
		};
		1753C4FF26B2523C00524DD2 /* Presentation */ = {
			isa = PBXGroup;
			children = (
				1753C50526B252B200524DD2 /* More Info */,
				1753C50426B2529D00524DD2 /* Device Detail */,
				1753C50326B2528500524DD2 /* Devices */,
			);
			path = Presentation;
			sourceTree = "<group>";
		};
		1753C50026B2524D00524DD2 /* Business Logic */ = {
			isa = PBXGroup;
			children = (
				1753C50826B252F400524DD2 /* Endpoint */,
				1753C50726B252ED00524DD2 /* Models */,
				1753C50626B252CA00524DD2 /* Services */,
			);
			path = "Business Logic";
			sourceTree = "<group>";
		};
		1753C50126B2526100524DD2 /* Core */ = {
			isa = PBXGroup;
			children = (
				1753C50226B2526800524DD2 /* Networking */,
			);
			path = Core;
			sourceTree = "<group>";
		};
		1753C50226B2526800524DD2 /* Networking */ = {
			isa = PBXGroup;
			children = (
				1753C51126B254BE00524DD2 /* Networker.swift */,
			);
			path = Networking;
			sourceTree = "<group>";
		};
		1753C50326B2528500524DD2 /* Devices */ = {
			isa = PBXGroup;
			children = (
				1753C52126B25EFC00524DD2 /* DevicesViewModel.swift */,
				1753C52626B261DD00524DD2 /* DeviceView.swift */,
			);
			path = Devices;
			sourceTree = "<group>";
		};
		1753C50426B2529D00524DD2 /* Device Detail */ = {
			isa = PBXGroup;
			children = (
				1753C52B26B2683A00524DD2 /* DeviceDetailViewModel.swift */,
				1753C53026B2693000524DD2 /* DeviceDetailView.swift */,
			);
			path = "Device Detail";
			sourceTree = "<group>";
		};
		1753C50526B252B200524DD2 /* More Info */ = {
			isa = PBXGroup;
			children = (
				171C02AB26B36D9F00E88E48 /* MoreInfoViewModel.swift */,
				171C02B026B36E1400E88E48 /* MoreInfoView.swift */,
			);
			path = "More Info";
			sourceTree = "<group>";
		};
		1753C50626B252CA00524DD2 /* Services */ = {
			isa = PBXGroup;
			children = (
				1753C51626B2599300524DD2 /* DevicesService.swift */,
			);
			path = Services;
			sourceTree = "<group>";
		};
		1753C50726B252ED00524DD2 /* Models */ = {
			isa = PBXGroup;
			children = (
			);
			path = Models;
			sourceTree = "<group>";
		};
		1753C50826B252F400524DD2 /* Endpoint */ = {
			isa = PBXGroup;
			children = (
				1753C50926B2546300524DD2 /* Endpoint.swift */,
			);
			path = Endpoint;
			sourceTree = "<group>";
		};
		E859EEAFBED1B48143990083 /* Frameworks */ = {
			isa = PBXGroup;
			children = (
				8134C5BA02C88DBDB47FD55B /* Pods_DevicesWorld.framework */,
				95DA593798A0398C13D2ADE2 /* Pods_DevicesWorld_DevicesWorldUITests.framework */,
				3DA0EDB05854ADE34E67B063 /* Pods_DevicesWorldTests.framework */,
			);
			name = Frameworks;
			sourceTree = "<group>";
		};
		FF66CBE650152A62028A84C2 /* Pods */ = {
			isa = PBXGroup;
			children = (
				0001F13E8D037763CCA39B7E /* Pods-DevicesWorld.debug.xcconfig */,
				151427DC48D8B660E50D3B1B /* Pods-DevicesWorld.release.xcconfig */,
				61E2F13FA04BE0CA54E122EC /* Pods-DevicesWorld-DevicesWorldUITests.debug.xcconfig */,
				32D0DBBF9A0F4FD1B164B893 /* Pods-DevicesWorld-DevicesWorldUITests.release.xcconfig */,
				DD333D28AB6228DB1B14C756 /* Pods-DevicesWorldTests.debug.xcconfig */,
				CB831B5DE097AE0D81F87BC8 /* Pods-DevicesWorldTests.release.xcconfig */,
			);
			path = Pods;
			sourceTree = "<group>";
		};
/* End PBXGroup section */

/* Begin PBXNativeTarget section */
		1753C3F926B0E87600524DD2 /* DevicesWorld */ = {
			isa = PBXNativeTarget;
			buildConfigurationList = 1753C42426B0E87800524DD2 /* Build configuration list for PBXNativeTarget "DevicesWorld" */;
			buildPhases = (
				D04F131E095DA14DAA476170 /* [CP] Check Pods Manifest.lock */,
				1753C3F626B0E87600524DD2 /* Sources */,
				1753C3F726B0E87600524DD2 /* Frameworks */,
				1753C3F826B0E87600524DD2 /* Resources */,
				4D1AA44406B1C5F48AE1BA1E /* [CP] Embed Pods Frameworks */,
			);
			buildRules = (
			);
			dependencies = (
			);
			name = DevicesWorld;
			productName = DevicesWorld;
			productReference = 1753C3FA26B0E87600524DD2 /* DevicesWorld.app */;
			productType = "com.apple.product-type.application";
		};
		1753C40F26B0E87800524DD2 /* DevicesWorldTests */ = {
			isa = PBXNativeTarget;
			buildConfigurationList = 1753C42726B0E87800524DD2 /* Build configuration list for PBXNativeTarget "DevicesWorldTests" */;
			buildPhases = (
				413B8DAE8C7E943B80492725 /* [CP] Check Pods Manifest.lock */,
				1753C40C26B0E87800524DD2 /* Sources */,
				1753C40D26B0E87800524DD2 /* Frameworks */,
				1753C40E26B0E87800524DD2 /* Resources */,
			);
			buildRules = (
			);
			dependencies = (
				1753C41226B0E87800524DD2 /* PBXTargetDependency */,
			);
			name = DevicesWorldTests;
			productName = DevicesWorldTests;
			productReference = 1753C41026B0E87800524DD2 /* DevicesWorldTests.xctest */;
			productType = "com.apple.product-type.bundle.unit-test";
		};
		1753C41A26B0E87800524DD2 /* DevicesWorldUITests */ = {
			isa = PBXNativeTarget;
			buildConfigurationList = 1753C42A26B0E87800524DD2 /* Build configuration list for PBXNativeTarget "DevicesWorldUITests" */;
			buildPhases = (
				CD7016FFD28D9CAA440423A4 /* [CP] Check Pods Manifest.lock */,
				1753C41726B0E87800524DD2 /* Sources */,
				1753C41826B0E87800524DD2 /* Frameworks */,
				1753C41926B0E87800524DD2 /* Resources */,
				A22F967F1258EC686301F07D /* [CP] Embed Pods Frameworks */,
			);
			buildRules = (
			);
			dependencies = (
				1753C41D26B0E87800524DD2 /* PBXTargetDependency */,
			);
			name = DevicesWorldUITests;
			productName = DevicesWorldUITests;
			productReference = 1753C41B26B0E87800524DD2 /* DevicesWorldUITests.xctest */;
			productType = "com.apple.product-type.bundle.ui-testing";
		};
/* End PBXNativeTarget section */

/* Begin PBXProject section */
		1753C3F226B0E87600524DD2 /* Project object */ = {
			isa = PBXProject;
			attributes = {
				LastSwiftUpdateCheck = 1240;
				LastUpgradeCheck = 1240;
				TargetAttributes = {
					1753C3F926B0E87600524DD2 = {
						CreatedOnToolsVersion = 12.4;
					};
					1753C40F26B0E87800524DD2 = {
						CreatedOnToolsVersion = 12.4;
						TestTargetID = 1753C3F926B0E87600524DD2;
					};
					1753C41A26B0E87800524DD2 = {
						CreatedOnToolsVersion = 12.4;
						TestTargetID = 1753C3F926B0E87600524DD2;
					};
				};
			};
			buildConfigurationList = 1753C3F526B0E87600524DD2 /* Build configuration list for PBXProject "DevicesWorld" */;
			compatibilityVersion = "Xcode 9.3";
			developmentRegion = en;
			hasScannedForEncodings = 0;
			knownRegions = (
				en,
				Base,
			);
			mainGroup = 1753C3F126B0E87600524DD2;
			productRefGroup = 1753C3FB26B0E87600524DD2 /* Products */;
			projectDirPath = "";
			projectRoot = "";
			targets = (
				1753C3F926B0E87600524DD2 /* DevicesWorld */,
				1753C40F26B0E87800524DD2 /* DevicesWorldTests */,
				1753C41A26B0E87800524DD2 /* DevicesWorldUITests */,
			);
		};
/* End PBXProject section */

/* Begin PBXResourcesBuildPhase section */
		1753C3F826B0E87600524DD2 /* Resources */ = {
			isa = PBXResourcesBuildPhase;
			buildActionMask = 2147483647;
			files = (
				1753C40A26B0E87700524DD2 /* LaunchScreen.storyboard in Resources */,
				1753C43126B0EBC100524DD2 /* GoogleService-Info.plist in Resources */,
				1753C40726B0E87700524DD2 /* Assets.xcassets in Resources */,
				1753C40526B0E87600524DD2 /* Main.storyboard in Resources */,
			);
			runOnlyForDeploymentPostprocessing = 0;
		};
		1753C40E26B0E87800524DD2 /* Resources */ = {
			isa = PBXResourcesBuildPhase;
			buildActionMask = 2147483647;
			files = (
			);
			runOnlyForDeploymentPostprocessing = 0;
		};
		1753C41926B0E87800524DD2 /* Resources */ = {
			isa = PBXResourcesBuildPhase;
			buildActionMask = 2147483647;
			files = (
			);
			runOnlyForDeploymentPostprocessing = 0;
		};
/* End PBXResourcesBuildPhase section */

/* Begin PBXShellScriptBuildPhase section */
		413B8DAE8C7E943B80492725 /* [CP] Check Pods Manifest.lock */ = {
			isa = PBXShellScriptBuildPhase;
			buildActionMask = 2147483647;
			files = (
			);
			inputFileListPaths = (
			);
			inputPaths = (
				"${PODS_PODFILE_DIR_PATH}/Podfile.lock",
				"${PODS_ROOT}/Manifest.lock",
			);
			name = "[CP] Check Pods Manifest.lock";
			outputFileListPaths = (
			);
			outputPaths = (
				"$(DERIVED_FILE_DIR)/Pods-DevicesWorldTests-checkManifestLockResult.txt",
			);
			runOnlyForDeploymentPostprocessing = 0;
			shellPath = /bin/sh;
			shellScript = "diff \"${PODS_PODFILE_DIR_PATH}/Podfile.lock\" \"${PODS_ROOT}/Manifest.lock\" > /dev/null\nif [ $? != 0 ] ; then\n    # print error to STDERR\n    echo \"error: The sandbox is not in sync with the Podfile.lock. Run 'pod install' or update your CocoaPods installation.\" >&2\n    exit 1\nfi\n# This output is used by Xcode 'outputs' to avoid re-running this script phase.\necho \"SUCCESS\" > \"${SCRIPT_OUTPUT_FILE_0}\"\n";
			showEnvVarsInLog = 0;
		};
		4D1AA44406B1C5F48AE1BA1E /* [CP] Embed Pods Frameworks */ = {
			isa = PBXShellScriptBuildPhase;
			buildActionMask = 2147483647;
			files = (
			);
			inputFileListPaths = (
				"${PODS_ROOT}/Target Support Files/Pods-DevicesWorld/Pods-DevicesWorld-frameworks-${CONFIGURATION}-input-files.xcfilelist",
			);
			name = "[CP] Embed Pods Frameworks";
			outputFileListPaths = (
				"${PODS_ROOT}/Target Support Files/Pods-DevicesWorld/Pods-DevicesWorld-frameworks-${CONFIGURATION}-output-files.xcfilelist",
			);
			runOnlyForDeploymentPostprocessing = 0;
			shellPath = /bin/sh;
			shellScript = "\"${PODS_ROOT}/Target Support Files/Pods-DevicesWorld/Pods-DevicesWorld-frameworks.sh\"\n";
			showEnvVarsInLog = 0;
		};
		A22F967F1258EC686301F07D /* [CP] Embed Pods Frameworks */ = {
			isa = PBXShellScriptBuildPhase;
			buildActionMask = 2147483647;
			files = (
			);
			inputFileListPaths = (
				"${PODS_ROOT}/Target Support Files/Pods-DevicesWorld-DevicesWorldUITests/Pods-DevicesWorld-DevicesWorldUITests-frameworks-${CONFIGURATION}-input-files.xcfilelist",
			);
			name = "[CP] Embed Pods Frameworks";
			outputFileListPaths = (
				"${PODS_ROOT}/Target Support Files/Pods-DevicesWorld-DevicesWorldUITests/Pods-DevicesWorld-DevicesWorldUITests-frameworks-${CONFIGURATION}-output-files.xcfilelist",
			);
			runOnlyForDeploymentPostprocessing = 0;
			shellPath = /bin/sh;
			shellScript = "\"${PODS_ROOT}/Target Support Files/Pods-DevicesWorld-DevicesWorldUITests/Pods-DevicesWorld-DevicesWorldUITests-frameworks.sh\"\n";
			showEnvVarsInLog = 0;
		};
		CD7016FFD28D9CAA440423A4 /* [CP] Check Pods Manifest.lock */ = {
			isa = PBXShellScriptBuildPhase;
			buildActionMask = 2147483647;
			files = (
			);
			inputFileListPaths = (
			);
			inputPaths = (
				"${PODS_PODFILE_DIR_PATH}/Podfile.lock",
				"${PODS_ROOT}/Manifest.lock",
			);
			name = "[CP] Check Pods Manifest.lock";
			outputFileListPaths = (
			);
			outputPaths = (
				"$(DERIVED_FILE_DIR)/Pods-DevicesWorld-DevicesWorldUITests-checkManifestLockResult.txt",
			);
			runOnlyForDeploymentPostprocessing = 0;
			shellPath = /bin/sh;
			shellScript = "diff \"${PODS_PODFILE_DIR_PATH}/Podfile.lock\" \"${PODS_ROOT}/Manifest.lock\" > /dev/null\nif [ $? != 0 ] ; then\n    # print error to STDERR\n    echo \"error: The sandbox is not in sync with the Podfile.lock. Run 'pod install' or update your CocoaPods installation.\" >&2\n    exit 1\nfi\n# This output is used by Xcode 'outputs' to avoid re-running this script phase.\necho \"SUCCESS\" > \"${SCRIPT_OUTPUT_FILE_0}\"\n";
			showEnvVarsInLog = 0;
		};
		D04F131E095DA14DAA476170 /* [CP] Check Pods Manifest.lock */ = {
			isa = PBXShellScriptBuildPhase;
			buildActionMask = 2147483647;
			files = (
			);
			inputFileListPaths = (
			);
			inputPaths = (
				"${PODS_PODFILE_DIR_PATH}/Podfile.lock",
				"${PODS_ROOT}/Manifest.lock",
			);
			name = "[CP] Check Pods Manifest.lock";
			outputFileListPaths = (
			);
			outputPaths = (
				"$(DERIVED_FILE_DIR)/Pods-DevicesWorld-checkManifestLockResult.txt",
			);
			runOnlyForDeploymentPostprocessing = 0;
			shellPath = /bin/sh;
			shellScript = "diff \"${PODS_PODFILE_DIR_PATH}/Podfile.lock\" \"${PODS_ROOT}/Manifest.lock\" > /dev/null\nif [ $? != 0 ] ; then\n    # print error to STDERR\n    echo \"error: The sandbox is not in sync with the Podfile.lock. Run 'pod install' or update your CocoaPods installation.\" >&2\n    exit 1\nfi\n# This output is used by Xcode 'outputs' to avoid re-running this script phase.\necho \"SUCCESS\" > \"${SCRIPT_OUTPUT_FILE_0}\"\n";
			showEnvVarsInLog = 0;
		};
/* End PBXShellScriptBuildPhase section */

/* Begin PBXSourcesBuildPhase section */
		1753C3F626B0E87600524DD2 /* Sources */ = {
			isa = PBXSourcesBuildPhase;
			buildActionMask = 2147483647;
			files = (
				171C02B126B36E1400E88E48 /* MoreInfoView.swift in Sources */,
				1753C52726B261DD00524DD2 /* DeviceView.swift in Sources */,
				1753C52C26B2683A00524DD2 /* DeviceDetailViewModel.swift in Sources */,
				1753C4D526B0FC6A00524DD2 /* Utils.swift in Sources */,
				1753C50A26B2546300524DD2 /* Endpoint.swift in Sources */,
				1753C4E426B0FE6E00524DD2 /* DeviceViewController.swift in Sources */,
				1753C4DB26B0FD9000524DD2 /* DeviceTableViewCell.swift in Sources */,
				1753C53126B2693000524DD2 /* DeviceDetailView.swift in Sources */,
				1753C52226B25EFC00524DD2 /* DevicesViewModel.swift in Sources */,
				1753C51726B2599300524DD2 /* DevicesService.swift in Sources */,
				1753C40226B0E87600524DD2 /* ViewController.swift in Sources */,
				1753C51226B254BE00524DD2 /* Networker.swift in Sources */,
				1753C4EA26B0FF3300524DD2 /* DeviceViewModel.swift in Sources */,
				1753C3FE26B0E87600524DD2 /* AppDelegate.swift in Sources */,
				171C02AC26B36D9F00E88E48 /* MoreInfoViewModel.swift in Sources */,
				1753C40026B0E87600524DD2 /* SceneDelegate.swift in Sources */,
				1753C4C826B0FBEC00524DD2 /* Device.swift in Sources */,
			);
			runOnlyForDeploymentPostprocessing = 0;
		};
		1753C40C26B0E87800524DD2 /* Sources */ = {
			isa = PBXSourcesBuildPhase;
			buildActionMask = 2147483647;
			files = (
				1753C41526B0E87800524DD2 /* DevicesWorldTests.swift in Sources */,
			);
			runOnlyForDeploymentPostprocessing = 0;
		};
		1753C41726B0E87800524DD2 /* Sources */ = {
			isa = PBXSourcesBuildPhase;
			buildActionMask = 2147483647;
			files = (
				1753C42026B0E87800524DD2 /* DevicesWorldUITests.swift in Sources */,
			);
			runOnlyForDeploymentPostprocessing = 0;
		};
/* End PBXSourcesBuildPhase section */

/* Begin PBXTargetDependency section */
		1753C41226B0E87800524DD2 /* PBXTargetDependency */ = {
			isa = PBXTargetDependency;
			target = 1753C3F926B0E87600524DD2 /* DevicesWorld */;
			targetProxy = 1753C41126B0E87800524DD2 /* PBXContainerItemProxy */;
		};
		1753C41D26B0E87800524DD2 /* PBXTargetDependency */ = {
			isa = PBXTargetDependency;
			target = 1753C3F926B0E87600524DD2 /* DevicesWorld */;
			targetProxy = 1753C41C26B0E87800524DD2 /* PBXContainerItemProxy */;
		};
/* End PBXTargetDependency section */

/* Begin PBXVariantGroup section */
		1753C40326B0E87600524DD2 /* Main.storyboard */ = {
			isa = PBXVariantGroup;
			children = (
				1753C40426B0E87600524DD2 /* Base */,
			);
			name = Main.storyboard;
			sourceTree = "<group>";
		};
		1753C40826B0E87700524DD2 /* LaunchScreen.storyboard */ = {
			isa = PBXVariantGroup;
			children = (
				1753C40926B0E87700524DD2 /* Base */,
			);
			name = LaunchScreen.storyboard;
			sourceTree = "<group>";
		};
/* End PBXVariantGroup section */

/* Begin XCBuildConfiguration section */
		1753C42226B0E87800524DD2 /* Debug */ = {
			isa = XCBuildConfiguration;
			buildSettings = {
				ALWAYS_SEARCH_USER_PATHS = NO;
				CLANG_ANALYZER_NONNULL = YES;
				CLANG_ANALYZER_NUMBER_OBJECT_CONVERSION = YES_AGGRESSIVE;
				CLANG_CXX_LANGUAGE_STANDARD = "gnu++14";
				CLANG_CXX_LIBRARY = "libc++";
				CLANG_ENABLE_MODULES = YES;
				CLANG_ENABLE_OBJC_ARC = YES;
				CLANG_ENABLE_OBJC_WEAK = YES;
				CLANG_WARN_BLOCK_CAPTURE_AUTORELEASING = YES;
				CLANG_WARN_BOOL_CONVERSION = YES;
				CLANG_WARN_COMMA = YES;
				CLANG_WARN_CONSTANT_CONVERSION = YES;
				CLANG_WARN_DEPRECATED_OBJC_IMPLEMENTATIONS = YES;
				CLANG_WARN_DIRECT_OBJC_ISA_USAGE = YES_ERROR;
				CLANG_WARN_DOCUMENTATION_COMMENTS = YES;
				CLANG_WARN_EMPTY_BODY = YES;
				CLANG_WARN_ENUM_CONVERSION = YES;
				CLANG_WARN_INFINITE_RECURSION = YES;
				CLANG_WARN_INT_CONVERSION = YES;
				CLANG_WARN_NON_LITERAL_NULL_CONVERSION = YES;
				CLANG_WARN_OBJC_IMPLICIT_RETAIN_SELF = YES;
				CLANG_WARN_OBJC_LITERAL_CONVERSION = YES;
				CLANG_WARN_OBJC_ROOT_CLASS = YES_ERROR;
				CLANG_WARN_QUOTED_INCLUDE_IN_FRAMEWORK_HEADER = YES;
				CLANG_WARN_RANGE_LOOP_ANALYSIS = YES;
				CLANG_WARN_STRICT_PROTOTYPES = YES;
				CLANG_WARN_SUSPICIOUS_MOVE = YES;
				CLANG_WARN_UNGUARDED_AVAILABILITY = YES_AGGRESSIVE;
				CLANG_WARN_UNREACHABLE_CODE = YES;
				CLANG_WARN__DUPLICATE_METHOD_MATCH = YES;
				COPY_PHASE_STRIP = NO;
				DEBUG_INFORMATION_FORMAT = dwarf;
				ENABLE_STRICT_OBJC_MSGSEND = YES;
				ENABLE_TESTABILITY = YES;
				GCC_C_LANGUAGE_STANDARD = gnu11;
				GCC_DYNAMIC_NO_PIC = NO;
				GCC_NO_COMMON_BLOCKS = YES;
				GCC_OPTIMIZATION_LEVEL = 0;
				GCC_PREPROCESSOR_DEFINITIONS = (
					"DEBUG=1",
					"$(inherited)",
				);
				GCC_WARN_64_TO_32_BIT_CONVERSION = YES;
				GCC_WARN_ABOUT_RETURN_TYPE = YES_ERROR;
				GCC_WARN_UNDECLARED_SELECTOR = YES;
				GCC_WARN_UNINITIALIZED_AUTOS = YES_AGGRESSIVE;
				GCC_WARN_UNUSED_FUNCTION = YES;
				GCC_WARN_UNUSED_VARIABLE = YES;
				IPHONEOS_DEPLOYMENT_TARGET = 14.4;
				MTL_ENABLE_DEBUG_INFO = INCLUDE_SOURCE;
				MTL_FAST_MATH = YES;
				ONLY_ACTIVE_ARCH = YES;
				SDKROOT = iphoneos;
				SWIFT_ACTIVE_COMPILATION_CONDITIONS = DEBUG;
				SWIFT_OPTIMIZATION_LEVEL = "-Onone";
			};
			name = Debug;
		};
		1753C42326B0E87800524DD2 /* Release */ = {
			isa = XCBuildConfiguration;
			buildSettings = {
				ALWAYS_SEARCH_USER_PATHS = NO;
				CLANG_ANALYZER_NONNULL = YES;
				CLANG_ANALYZER_NUMBER_OBJECT_CONVERSION = YES_AGGRESSIVE;
				CLANG_CXX_LANGUAGE_STANDARD = "gnu++14";
				CLANG_CXX_LIBRARY = "libc++";
				CLANG_ENABLE_MODULES = YES;
				CLANG_ENABLE_OBJC_ARC = YES;
				CLANG_ENABLE_OBJC_WEAK = YES;
				CLANG_WARN_BLOCK_CAPTURE_AUTORELEASING = YES;
				CLANG_WARN_BOOL_CONVERSION = YES;
				CLANG_WARN_COMMA = YES;
				CLANG_WARN_CONSTANT_CONVERSION = YES;
				CLANG_WARN_DEPRECATED_OBJC_IMPLEMENTATIONS = YES;
				CLANG_WARN_DIRECT_OBJC_ISA_USAGE = YES_ERROR;
				CLANG_WARN_DOCUMENTATION_COMMENTS = YES;
				CLANG_WARN_EMPTY_BODY = YES;
				CLANG_WARN_ENUM_CONVERSION = YES;
				CLANG_WARN_INFINITE_RECURSION = YES;
				CLANG_WARN_INT_CONVERSION = YES;
				CLANG_WARN_NON_LITERAL_NULL_CONVERSION = YES;
				CLANG_WARN_OBJC_IMPLICIT_RETAIN_SELF = YES;
				CLANG_WARN_OBJC_LITERAL_CONVERSION = YES;
				CLANG_WARN_OBJC_ROOT_CLASS = YES_ERROR;
				CLANG_WARN_QUOTED_INCLUDE_IN_FRAMEWORK_HEADER = YES;
				CLANG_WARN_RANGE_LOOP_ANALYSIS = YES;
				CLANG_WARN_STRICT_PROTOTYPES = YES;
				CLANG_WARN_SUSPICIOUS_MOVE = YES;
				CLANG_WARN_UNGUARDED_AVAILABILITY = YES_AGGRESSIVE;
				CLANG_WARN_UNREACHABLE_CODE = YES;
				CLANG_WARN__DUPLICATE_METHOD_MATCH = YES;
				COPY_PHASE_STRIP = NO;
				DEBUG_INFORMATION_FORMAT = "dwarf-with-dsym";
				ENABLE_NS_ASSERTIONS = NO;
				ENABLE_STRICT_OBJC_MSGSEND = YES;
				GCC_C_LANGUAGE_STANDARD = gnu11;
				GCC_NO_COMMON_BLOCKS = YES;
				GCC_WARN_64_TO_32_BIT_CONVERSION = YES;
				GCC_WARN_ABOUT_RETURN_TYPE = YES_ERROR;
				GCC_WARN_UNDECLARED_SELECTOR = YES;
				GCC_WARN_UNINITIALIZED_AUTOS = YES_AGGRESSIVE;
				GCC_WARN_UNUSED_FUNCTION = YES;
				GCC_WARN_UNUSED_VARIABLE = YES;
				IPHONEOS_DEPLOYMENT_TARGET = 14.4;
				MTL_ENABLE_DEBUG_INFO = NO;
				MTL_FAST_MATH = YES;
				SDKROOT = iphoneos;
				SWIFT_COMPILATION_MODE = wholemodule;
				SWIFT_OPTIMIZATION_LEVEL = "-O";
				VALIDATE_PRODUCT = YES;
			};
			name = Release;
		};
		1753C42526B0E87800524DD2 /* Debug */ = {
			isa = XCBuildConfiguration;
			baseConfigurationReference = 0001F13E8D037763CCA39B7E /* Pods-DevicesWorld.debug.xcconfig */;
			buildSettings = {
				ASSETCATALOG_COMPILER_APPICON_NAME = AppIcon;
				ASSETCATALOG_COMPILER_GLOBAL_ACCENT_COLOR_NAME = AccentColor;
				CODE_SIGN_STYLE = Automatic;
				DEVELOPMENT_TEAM = BKK27272P7;
				INFOPLIST_FILE = DevicesWorld/Info.plist;
				LD_RUNPATH_SEARCH_PATHS = (
					"$(inherited)",
					"@executable_path/Frameworks",
				);
				PRODUCT_BUNDLE_IDENTIFIER = com.DevicesWorld;
				PRODUCT_NAME = "$(TARGET_NAME)";
				SWIFT_VERSION = 5.0;
				TARGETED_DEVICE_FAMILY = "1,2";
			};
			name = Debug;
		};
		1753C42626B0E87800524DD2 /* Release */ = {
			isa = XCBuildConfiguration;
			baseConfigurationReference = 151427DC48D8B660E50D3B1B /* Pods-DevicesWorld.release.xcconfig */;
			buildSettings = {
				ASSETCATALOG_COMPILER_APPICON_NAME = AppIcon;
				ASSETCATALOG_COMPILER_GLOBAL_ACCENT_COLOR_NAME = AccentColor;
				CODE_SIGN_STYLE = Automatic;
				DEVELOPMENT_TEAM = BKK27272P7;
				INFOPLIST_FILE = DevicesWorld/Info.plist;
				LD_RUNPATH_SEARCH_PATHS = (
					"$(inherited)",
					"@executable_path/Frameworks",
				);
				PRODUCT_BUNDLE_IDENTIFIER = com.DevicesWorld;
				PRODUCT_NAME = "$(TARGET_NAME)";
				SWIFT_VERSION = 5.0;
				TARGETED_DEVICE_FAMILY = "1,2";
			};
			name = Release;
		};
		1753C42826B0E87800524DD2 /* Debug */ = {
			isa = XCBuildConfiguration;
			baseConfigurationReference = DD333D28AB6228DB1B14C756 /* Pods-DevicesWorldTests.debug.xcconfig */;
			buildSettings = {
				ALWAYS_EMBED_SWIFT_STANDARD_LIBRARIES = YES;
				BUNDLE_LOADER = "$(TEST_HOST)";
				CODE_SIGN_STYLE = Automatic;
				DEVELOPMENT_TEAM = BKK27272P7;
				INFOPLIST_FILE = DevicesWorldTests/Info.plist;
				IPHONEOS_DEPLOYMENT_TARGET = 14.4;
				LD_RUNPATH_SEARCH_PATHS = (
					"$(inherited)",
					"@executable_path/Frameworks",
					"@loader_path/Frameworks",
				);
				PRODUCT_BUNDLE_IDENTIFIER = com.DevicesWorldTests;
				PRODUCT_NAME = "$(TARGET_NAME)";
				SWIFT_VERSION = 5.0;
				TARGETED_DEVICE_FAMILY = "1,2";
				TEST_HOST = "$(BUILT_PRODUCTS_DIR)/DevicesWorld.app/DevicesWorld";
			};
			name = Debug;
		};
		1753C42926B0E87800524DD2 /* Release */ = {
			isa = XCBuildConfiguration;
			baseConfigurationReference = CB831B5DE097AE0D81F87BC8 /* Pods-DevicesWorldTests.release.xcconfig */;
			buildSettings = {
				ALWAYS_EMBED_SWIFT_STANDARD_LIBRARIES = YES;
				BUNDLE_LOADER = "$(TEST_HOST)";
				CODE_SIGN_STYLE = Automatic;
				DEVELOPMENT_TEAM = BKK27272P7;
				INFOPLIST_FILE = DevicesWorldTests/Info.plist;
				IPHONEOS_DEPLOYMENT_TARGET = 14.4;
				LD_RUNPATH_SEARCH_PATHS = (
					"$(inherited)",
					"@executable_path/Frameworks",
					"@loader_path/Frameworks",
				);
				PRODUCT_BUNDLE_IDENTIFIER = com.DevicesWorldTests;
				PRODUCT_NAME = "$(TARGET_NAME)";
				SWIFT_VERSION = 5.0;
				TARGETED_DEVICE_FAMILY = "1,2";
				TEST_HOST = "$(BUILT_PRODUCTS_DIR)/DevicesWorld.app/DevicesWorld";
			};
			name = Release;
		};
		1753C42B26B0E87800524DD2 /* Debug */ = {
			isa = XCBuildConfiguration;
			baseConfigurationReference = 61E2F13FA04BE0CA54E122EC /* Pods-DevicesWorld-DevicesWorldUITests.debug.xcconfig */;
			buildSettings = {
				ALWAYS_EMBED_SWIFT_STANDARD_LIBRARIES = YES;
				CODE_SIGN_STYLE = Automatic;
				DEVELOPMENT_TEAM = BKK27272P7;
				INFOPLIST_FILE = DevicesWorldUITests/Info.plist;
				LD_RUNPATH_SEARCH_PATHS = (
					"$(inherited)",
					"@executable_path/Frameworks",
					"@loader_path/Frameworks",
				);
				PRODUCT_BUNDLE_IDENTIFIER = com.DevicesWorldUITests;
				PRODUCT_NAME = "$(TARGET_NAME)";
				SWIFT_VERSION = 5.0;
				TARGETED_DEVICE_FAMILY = "1,2";
				TEST_TARGET_NAME = DevicesWorld;
			};
			name = Debug;
		};
		1753C42C26B0E87800524DD2 /* Release */ = {
			isa = XCBuildConfiguration;
			baseConfigurationReference = 32D0DBBF9A0F4FD1B164B893 /* Pods-DevicesWorld-DevicesWorldUITests.release.xcconfig */;
			buildSettings = {
				ALWAYS_EMBED_SWIFT_STANDARD_LIBRARIES = YES;
				CODE_SIGN_STYLE = Automatic;
				DEVELOPMENT_TEAM = BKK27272P7;
				INFOPLIST_FILE = DevicesWorldUITests/Info.plist;
				LD_RUNPATH_SEARCH_PATHS = (
					"$(inherited)",
					"@executable_path/Frameworks",
					"@loader_path/Frameworks",
				);
				PRODUCT_BUNDLE_IDENTIFIER = com.DevicesWorldUITests;
				PRODUCT_NAME = "$(TARGET_NAME)";
				SWIFT_VERSION = 5.0;
				TARGETED_DEVICE_FAMILY = "1,2";
				TEST_TARGET_NAME = DevicesWorld;
			};
			name = Release;
		};
/* End XCBuildConfiguration section */

/* Begin XCConfigurationList section */
		1753C3F526B0E87600524DD2 /* Build configuration list for PBXProject "DevicesWorld" */ = {
			isa = XCConfigurationList;
			buildConfigurations = (
				1753C42226B0E87800524DD2 /* Debug */,
				1753C42326B0E87800524DD2 /* Release */,
			);
			defaultConfigurationIsVisible = 0;
			defaultConfigurationName = Release;
		};
		1753C42426B0E87800524DD2 /* Build configuration list for PBXNativeTarget "DevicesWorld" */ = {
			isa = XCConfigurationList;
			buildConfigurations = (
				1753C42526B0E87800524DD2 /* Debug */,
				1753C42626B0E87800524DD2 /* Release */,
			);
			defaultConfigurationIsVisible = 0;
			defaultConfigurationName = Release;
		};
		1753C42726B0E87800524DD2 /* Build configuration list for PBXNativeTarget "DevicesWorldTests" */ = {
			isa = XCConfigurationList;
			buildConfigurations = (
				1753C42826B0E87800524DD2 /* Debug */,
				1753C42926B0E87800524DD2 /* Release */,
			);
			defaultConfigurationIsVisible = 0;
			defaultConfigurationName = Release;
		};
		1753C42A26B0E87800524DD2 /* Build configuration list for PBXNativeTarget "DevicesWorldUITests" */ = {
			isa = XCConfigurationList;
			buildConfigurations = (
				1753C42B26B0E87800524DD2 /* Debug */,
				1753C42C26B0E87800524DD2 /* Release */,
			);
			defaultConfigurationIsVisible = 0;
			defaultConfigurationName = Release;
		};
/* End XCConfigurationList section */
	};
	rootObject = 1753C3F226B0E87600524DD2 /* Project object */;
}
